// !$*UTF8*$!
{
	archiveVersion = 1;
	classes = {
	};
	objectVersion = 77;
	objects = {

/* Begin PBXBuildFile section */
		0426FE8B4E1B52257B14B4AD /* FakeCollectionService.swift in Sources */ = {isa = PBXBuildFile; fileRef = 3E20709879B5A361BE9A9DC4 /* FakeCollectionService.swift */; };
		05ABC003D343BD03F8A7CAE6 /* ThemePalette.swift in Sources */ = {isa = PBXBuildFile; fileRef = 1DC73F1436098303626ED4E5 /* ThemePalette.swift */; };
		06E49EF5E3F7C434CE0E8B61 /* CardDetailService.swift in Sources */ = {isa = PBXBuildFile; fileRef = A50BEA30665A016517B9C1B6 /* CardDetailService.swift */; };
		070F2504927D46A1BE6D41CD /* CollectionControlsView.swift in Sources */ = {isa = PBXBuildFile; fileRef = BE5DFE36C20C02A9282FC9E3 /* CollectionControlsView.swift */; };
		0B5F7D0235F0B2560E5BD3AA /* CollectraTextField.swift in Sources */ = {isa = PBXBuildFile; fileRef = E5558CEEA7CE2BB9289113F4 /* CollectraTextField.swift */; };
		0C6198169A5D4134D49832FB /* GradedPriceHistory.swift in Sources */ = {isa = PBXBuildFile; fileRef = 87C4E6B85EC58CC6AEF75546 /* GradedPriceHistory.swift */; };
		0E30F26B334682DD010498AC /* CameraPreviewView.swift in Sources */ = {isa = PBXBuildFile; fileRef = 78B311CA521D069FE1E3BA4C /* CameraPreviewView.swift */; };
		0E6499F2493E754236918D70 /* ScanView.swift in Sources */ = {isa = PBXBuildFile; fileRef = 740A7D515829FAD5D51CCC01 /* ScanView.swift */; };
		0EFA25BBFE310CB5DE32955B /* ScanState.swift in Sources */ = {isa = PBXBuildFile; fileRef = 35FB624E3F3BF07808C54E38 /* ScanState.swift */; };
		12BAFCC5F0D3502977062B99 /* APIClient.swift in Sources */ = {isa = PBXBuildFile; fileRef = 08D48A23BE7E93124425D803 /* APIClient.swift */; };
		12D6115446FB02D4559FF73D /* CachedAsyncImage.swift in Sources */ = {isa = PBXBuildFile; fileRef = A01E81C365ABEDDF7FFDF61D /* CachedAsyncImage.swift */; };
		13D7576C7044BCF8E5A31758 /* HomeViewModel.swift in Sources */ = {isa = PBXBuildFile; fileRef = 445B50C7D99CF46A8F9D9CE5 /* HomeViewModel.swift */; };
		14764C2B96AE18A07787C784 /* ScanUITests.swift in Sources */ = {isa = PBXBuildFile; fileRef = BC57ABCAADDBCEE35EF361DD /* ScanUITests.swift */; };
		19B62094B6DF07DA80F6EF15 /* FakeSetsService.swift in Sources */ = {isa = PBXBuildFile; fileRef = 1277FB6450DE4EDB095255AB /* FakeSetsService.swift */; };
		221A560C09BC5D8E667C10C1 /* VaultViewModel.swift in Sources */ = {isa = PBXBuildFile; fileRef = 2CDA37810900400B2E961F73 /* VaultViewModel.swift */; };
		22BE8574E2DE6281B70F62FA /* SetsGridContent.swift in Sources */ = {isa = PBXBuildFile; fileRef = 033678695153C80995E4A256 /* SetsGridContent.swift */; };
		244DF1C7217B80925074A28D /* CardDetailDecodingTests.swift in Sources */ = {isa = PBXBuildFile; fileRef = 166931E1F9417A3260A5AE8A /* CardDetailDecodingTests.swift */; };
		25127E60F5889DDDE6B3CF5B /* CollectraApp.swift in Sources */ = {isa = PBXBuildFile; fileRef = DA6D9C2D9CA9E03022F5C3BA /* CollectraApp.swift */; };
		266EA5A4874A518F7F5F4D1B /* VaultCell.swift in Sources */ = {isa = PBXBuildFile; fileRef = F32713D932EB25DC1F58C049 /* VaultCell.swift */; };
		27641DAB6D46C8A00484DD63 /* FakeScanService.swift in Sources */ = {isa = PBXBuildFile; fileRef = DB753D464BA0D33541726CF2 /* FakeScanService.swift */; };
		27BAF7D1494B341D5CD9C765 /* CatalogView.swift in Sources */ = {isa = PBXBuildFile; fileRef = 0FC8743B1A3D87D748F533BF /* CatalogView.swift */; };
		28CFB7AFCCAD514566CF6E50 /* CardDetailView.swift in Sources */ = {isa = PBXBuildFile; fileRef = 8AC9B8F589C7A6B90A309596 /* CardDetailView.swift */; };
		2D9B1B2523F6BA5B9FD162E1 /* RootView.swift in Sources */ = {isa = PBXBuildFile; fileRef = D8A4ED1E1DCE293444E8BCE2 /* RootView.swift */; };
		31686C9BDFE03F0DFB499237 /* ScanModels.swift in Sources */ = {isa = PBXBuildFile; fileRef = 1DA46D8D9A162CDCCA62777A /* ScanModels.swift */; };
		3577CBCD5471ABCDE5F38D1A /* CardDetail.swift in Sources */ = {isa = PBXBuildFile; fileRef = 389DE9942E8D81EB06B60901 /* CardDetail.swift */; };
		36B728992148B5FF5C3D6A7B /* FakeCameraService.swift in Sources */ = {isa = PBXBuildFile; fileRef = 39D2A1460A0FB23D314E1E45 /* FakeCameraService.swift */; };
		36DC12D7434053461C3F923A /* ShelfItem.swift in Sources */ = {isa = PBXBuildFile; fileRef = A977E73707FB45B58C26B4C1 /* ShelfItem.swift */; };
		3ABBA3787903D1BC6429B842 /* VariantPicker.swift in Sources */ = {isa = PBXBuildFile; fileRef = F898CF0C20058713F904A32D /* VariantPicker.swift */; };
		3C0FBD6773D6D323B748ECDC /* CardNavigationTarget.swift in Sources */ = {isa = PBXBuildFile; fileRef = 02A167E62E46644F9C8D792D /* CardNavigationTarget.swift */; };
		3CB57A96B61EB1D04F995F04 /* WishlistCell.swift in Sources */ = {isa = PBXBuildFile; fileRef = 44C1542E4A4B037056958E59 /* WishlistCell.swift */; };
		3E19DEC84C70A75EC4C36926 /* WishlistView.swift in Sources */ = {isa = PBXBuildFile; fileRef = 517CA4E7DD6DB5607866F4C1 /* WishlistView.swift */; };
		41800AF5DADC088FE8A89B82 /* ThemeManager.swift in Sources */ = {isa = PBXBuildFile; fileRef = BBD11A8FD21C885B766697E0 /* ThemeManager.swift */; };
		43649581707D0B1D1DD90B28 /* withTimeout.swift in Sources */ = {isa = PBXBuildFile; fileRef = 9F655732BE2A8BBCE7F5DB1E /* withTimeout.swift */; };
		45F3B38A1A1734BF5794D88F /* PriceHistory.swift in Sources */ = {isa = PBXBuildFile; fileRef = FBA5EB456A0350FAD53D175C /* PriceHistory.swift */; };
		461F1FBF745CE778A3F7BD47 /* SupabaseClientProvider.swift in Sources */ = {isa = PBXBuildFile; fileRef = 2058A52B2731867E9D79B395 /* SupabaseClientProvider.swift */; };
		468A4F5FF622906DC87A8B47 /* FakeCatalogService.swift in Sources */ = {isa = PBXBuildFile; fileRef = 75B27DB7E05CFC48AF25E9DC /* FakeCatalogService.swift */; };
		4ACD1CDD30E6A26ACD7FD35C /* Assets.xcassets in Resources */ = {isa = PBXBuildFile; fileRef = 5A26465997A8B3F8C2046AC1 /* Assets.xcassets */; };
		4AED8BA3E8FA8B1845A04F87 /* CollectionMutations.swift in Sources */ = {isa = PBXBuildFile; fileRef = 9EA5648858199D6978CC98D7 /* CollectionMutations.swift */; };
		4C61A3E72FD5387B3AE174CD /* ScanViewModel.swift in Sources */ = {isa = PBXBuildFile; fileRef = E405119C1D4B4E372AEDE8DC /* ScanViewModel.swift */; };
		4E015032EAAFCE8E8ABA4CFE /* PriceHistoryDecodingTests.swift in Sources */ = {isa = PBXBuildFile; fileRef = 9BE1B1A603419B0A2D5EE58B /* PriceHistoryDecodingTests.swift */; };
		4F34EEEF7E038B58680E7722 /* CollectraUITests.swift in Sources */ = {isa = PBXBuildFile; fileRef = 0A007E79F1AE5B30776E042C /* CollectraUITests.swift */; };
		52700AA91CD8E8A5E3E90BA0 /* CardDetailViewModelTests.swift in Sources */ = {isa = PBXBuildFile; fileRef = ADC75B9507B1FBB9C65B8268 /* CardDetailViewModelTests.swift */; };
		530C06232E1C7343E41E0ACB /* PriceTagView.swift in Sources */ = {isa = PBXBuildFile; fileRef = 8F17063C8660D1A226C3B177 /* PriceTagView.swift */; };
		53EB63929EC8247D8A442B02 /* CatalogService.swift in Sources */ = {isa = PBXBuildFile; fileRef = 7A95759AEDE2A761487421DE /* CatalogService.swift */; };
		54A0006FDD1E7450B0A78E82 /* HomeViewModelTests.swift in Sources */ = {isa = PBXBuildFile; fileRef = DAFE4BF4E757A57AD4C73BBC /* HomeViewModelTests.swift */; };
		5752AED13A2F51F26ED97B46 /* ScanService.swift in Sources */ = {isa = PBXBuildFile; fileRef = 3029479B4B445F253C1D0EEE /* ScanService.swift */; };
		5D267AFFF791CA76100648E1 /* SetSummary.swift in Sources */ = {isa = PBXBuildFile; fileRef = 262ED49BDB606AB7DEAF86EC /* SetSummary.swift */; };
		5D939EBFCDA8E89710BF14E7 /* SetsViewModel.swift in Sources */ = {isa = PBXBuildFile; fileRef = AF8F946316B5D725556065ED /* SetsViewModel.swift */; };
		5F4C37890F6B0F92C6069531 /* CardDetailViewModel.swift in Sources */ = {isa = PBXBuildFile; fileRef = 635F6B2393BA7C6CDBE8E74A /* CardDetailViewModel.swift */; };
		610540DBB181C8AD396AF624 /* VaultViewModelTests.swift in Sources */ = {isa = PBXBuildFile; fileRef = 06936B2B230C004D1641C974 /* VaultViewModelTests.swift */; };
		63A1D25BC2931A147177B4D8 /* WishlistViewModel.swift in Sources */ = {isa = PBXBuildFile; fileRef = 9988EA6A45999203B2E83129 /* WishlistViewModel.swift */; };
		6AC653E7F164D23789AE1E18 /* WithTimeoutTests.swift in Sources */ = {isa = PBXBuildFile; fileRef = B87F8DBC8732ADA3B72D2577 /* WithTimeoutTests.swift */; };
		6AE16B50ADE84F162E154C2B /* CollectionLoadState.swift in Sources */ = {isa = PBXBuildFile; fileRef = AA1AF5D1D89087925819F0BF /* CollectionLoadState.swift */; };
		6AF6E158323FBF2D233953E6 /* ShelfViewModel.swift in Sources */ = {isa = PBXBuildFile; fileRef = 0C62BC48F6097DE168965DCC /* ShelfViewModel.swift */; };
		6B91E1CDA9A0A30B6495B84B /* FakeCameraAuthorizer.swift in Sources */ = {isa = PBXBuildFile; fileRef = 262615B08A57BFE932618249 /* FakeCameraAuthorizer.swift */; };
		6C3A7B45F7C323C1B5CD0967 /* ShelfView.swift in Sources */ = {isa = PBXBuildFile; fileRef = 2AB60EF6CF1C91CFD431B774 /* ShelfView.swift */; };
		6CE24AFEE9329C3D418B0191 /* SetDetailViewModel.swift in Sources */ = {isa = PBXBuildFile; fileRef = C2465E13119DE41F44767C27 /* SetDetailViewModel.swift */; };
		6E2ABAA13BA325DD6E78F2BF /* JSONFixtures.swift in Sources */ = {isa = PBXBuildFile; fileRef = A7CF851AA067D0B652305625 /* JSONFixtures.swift */; };
		72CF2E5F87AD4FD64E4EF558 /* HomeView.swift in Sources */ = {isa = PBXBuildFile; fileRef = 9A52BF78AB710A806CFC2AE9 /* HomeView.swift */; };
		7560DD8C20B445E9F6290159 /* VaultItem.swift in Sources */ = {isa = PBXBuildFile; fileRef = D63D20AE0757D9ECECCF9872 /* VaultItem.swift */; };
		7C3BA2DC3ECFDBB220714A9C /* Phase5CollectionUITests.swift in Sources */ = {isa = PBXBuildFile; fileRef = 5D593786BA55AA95F2496A54 /* Phase5CollectionUITests.swift */; };
		7CD1A94DE2EC94868271F6B6 /* ScanImagePreparation.swift in Sources */ = {isa = PBXBuildFile; fileRef = 3E243A1FD888E05994C7D914 /* ScanImagePreparation.swift */; };
		7F344BC7C9FE968179E3229E /* CollectionSyncCenter.swift in Sources */ = {isa = PBXBuildFile; fileRef = 8AA8FB2491554C4939C5D7BE /* CollectionSyncCenter.swift */; };
		7F622C5780EE59781299E792 /* ShelfCell.swift in Sources */ = {isa = PBXBuildFile; fileRef = 49F348157CB9E26257F45DA7 /* ShelfCell.swift */; };
		803FB2BF05441E324236A864 /* Supabase in Frameworks */ = {isa = PBXBuildFile; productRef = F05F7ECCE5636020C07B8EB2 /* Supabase */; };
		807C9548A9A29F6EF0650404 /* PriceDisplay.swift in Sources */ = {isa = PBXBuildFile; fileRef = 7E1A6A936A4E1FAF2B590D0D /* PriceDisplay.swift */; };
		81FC60240499B1212DA8C8E5 /* SetDetailView.swift in Sources */ = {isa = PBXBuildFile; fileRef = DEC3F3B89EB62BE17BA2E040 /* SetDetailView.swift */; };
		85CCC5F6A27C28B8BDF56B56 /* AppConfig.swift in Sources */ = {isa = PBXBuildFile; fileRef = 0D4367F26F60974065082AFE /* AppConfig.swift */; };
		88B1B8EC1FC194A901C1D640 /* ScanViewModelTests.swift in Sources */ = {isa = PBXBuildFile; fileRef = 56B49B3F8A2A9B0F1C9F74D7 /* ScanViewModelTests.swift */; };
		8A821649BC208E9A5FE28C33 /* SetDetail.swift in Sources */ = {isa = PBXBuildFile; fileRef = 49C7E325D5AF2DF9888C0E6B /* SetDetail.swift */; };
		8F2F0102185FB7CF685059F0 /* FakeHomeService.swift in Sources */ = {isa = PBXBuildFile; fileRef = D694F8C59325D40116C7A55D /* FakeHomeService.swift */; };
		8F6DF5A36F4423B735E85472 /* Theme.swift in Sources */ = {isa = PBXBuildFile; fileRef = 22590B6FE8D018AEBDBC4229 /* Theme.swift */; };
		90E665128C92F9596605761B /* CardImageTile.swift in Sources */ = {isa = PBXBuildFile; fileRef = B63B2D645270CEF83AF71979 /* CardImageTile.swift */; };
		98B9694DDB95EE2B066AC553 /* CardCell.swift in Sources */ = {isa = PBXBuildFile; fileRef = ED1B0B011354E95973FBB6EA /* CardCell.swift */; };
		9E68D47DA663EBB358997DD5 /* SessionManager.swift in Sources */ = {isa = PBXBuildFile; fileRef = AC2C3589D84ECA4EF60CBEAE /* SessionManager.swift */; };
		9F7F77D8753E9B016011975A /* Me.swift in Sources */ = {isa = PBXBuildFile; fileRef = C2FA830986163077ED4AA555 /* Me.swift */; };
		A388EF8202E2504A0A10412C /* CatalogViewModel.swift in Sources */ = {isa = PBXBuildFile; fileRef = 257FEE714E62B4E5F0D2A05C /* CatalogViewModel.swift */; };
		A3A52D62FA1CD82831CA8162 /* WishlistItem.swift in Sources */ = {isa = PBXBuildFile; fileRef = E2424F98DFB36287F56FB383 /* WishlistItem.swift */; };
		A410DB1F955E387DEE80773C /* ScanModelsDecodingTests.swift in Sources */ = {isa = PBXBuildFile; fileRef = 846FA3A3EF708EEE6DF17F01 /* ScanModelsDecodingTests.swift */; };
		A53B1F9205BEE70BC3F96607 /* CardSummary.swift in Sources */ = {isa = PBXBuildFile; fileRef = 4C7F3BA7887F1848228DFBB7 /* CardSummary.swift */; };
		A641808562869F4FB299A513 /* CameraAuthorizing.swift in Sources */ = {isa = PBXBuildFile; fileRef = 18156672CA489FF43CC370EF /* CameraAuthorizing.swift */; };
		AF7E664D9557D3AF6D611A4C /* VaultView.swift in Sources */ = {isa = PBXBuildFile; fileRef = 64258D3E2C1ECCFA1F69EC9E /* VaultView.swift */; };
		B0EEAD02F3DF680E5BFF2139 /* CatalogViewModelTests.swift in Sources */ = {isa = PBXBuildFile; fileRef = 29858FC0901759DD67C7A78A /* CatalogViewModelTests.swift */; };
		B634F3D52F3028AB036E883B /* ShelfContentView.swift in Sources */ = {isa = PBXBuildFile; fileRef = 372841A7E5949BCAD411B86F /* ShelfContentView.swift */; };
		B7A2DA33E5E769F3F08E8725 /* SetsViewModelTests.swift in Sources */ = {isa = PBXBuildFile; fileRef = 146C09BC07E9E7CFC94898A7 /* SetsViewModelTests.swift */; };
		B8DCF84156307741410F4089 /* WishlistViewModelTests.swift in Sources */ = {isa = PBXBuildFile; fileRef = 63D05D213834E6C0D4A566D6 /* WishlistViewModelTests.swift */; };
		B95B326FC7F91D27534559E2 /* MainTabView.swift in Sources */ = {isa = PBXBuildFile; fileRef = 683B5F8784BD6EDCD32BDDC2 /* MainTabView.swift */; };
		BF47E2352958ED2083727FE7 /* CameraService.swift in Sources */ = {isa = PBXBuildFile; fileRef = 4702FEB1515F187DA0A20BF3 /* CameraService.swift */; };
		C135569C46FC17789A7834CC /* APIErrorTests.swift in Sources */ = {isa = PBXBuildFile; fileRef = 011C3EA30BA1E922F8366BC6 /* APIErrorTests.swift */; };
		C2ED1B2506CBFBE078918671 /* OnboardingView.swift in Sources */ = {isa = PBXBuildFile; fileRef = EBA6A93D5A72463DCC920481 /* OnboardingView.swift */; };
		C487F5BD4B0D574C33F4C6FC /* SignUpView.swift in Sources */ = {isa = PBXBuildFile; fileRef = BF8715B7D7A15AC6E6B09ED9 /* SignUpView.swift */; };
		C4934C797737A866FA51C88D /* CollectionStateView.swift in Sources */ = {isa = PBXBuildFile; fileRef = 91A368CF82ED1ACB5BC7D619 /* CollectionStateView.swift */; };
		C8BA8FF5000A26B42532F485 /* HomeService.swift in Sources */ = {isa = PBXBuildFile; fileRef = 47071813CDD1577E0C5FD247 /* HomeService.swift */; };
		CC682029723335974AEC9514 /* TabRouter.swift in Sources */ = {isa = PBXBuildFile; fileRef = 3AB86039BBBC7476FD146EC8 /* TabRouter.swift */; };
		CF296E785EB456396A3418AD /* SetsService.swift in Sources */ = {isa = PBXBuildFile; fileRef = 9A7FC0CCABA499710634AAAC /* SetsService.swift */; };
		D31BA0A76990A301BAA348BF /* CardsGridContent.swift in Sources */ = {isa = PBXBuildFile; fileRef = 371FB5E43DED8A07F9090F65 /* CardsGridContent.swift */; };
		D704409772308281E34C0AAB /* ShelfViewModelTests.swift in Sources */ = {isa = PBXBuildFile; fileRef = E1B82368C159B0F3B8F01385 /* ShelfViewModelTests.swift */; };
		D9054FDA1491AC363F1B4BFD /* CardSummaryDecodingTests.swift in Sources */ = {isa = PBXBuildFile; fileRef = 5F2C0B6E0F80701BF25019A3 /* CardSummaryDecodingTests.swift */; };
		DCF1CC0911A90DC9467CD642 /* APIError.swift in Sources */ = {isa = PBXBuildFile; fileRef = F87AB3CD4939EBCC1BB11EB6 /* APIError.swift */; };
		DDE461CAF0B0ABB46BB88CDD /* ProfileView.swift in Sources */ = {isa = PBXBuildFile; fileRef = CBB60023F7EA80AE16B86280 /* ProfileView.swift */; };
		E4F18FD79F808CDA5661A1C9 /* MediaImage.swift in Sources */ = {isa = PBXBuildFile; fileRef = 2C77EE2FA57ED84C9C81288E /* MediaImage.swift */; };
		E9454ABA409D839E33A402CF /* SignInView.swift in Sources */ = {isa = PBXBuildFile; fileRef = 2081859495A13DF166D8F44A /* SignInView.swift */; };
		EE0B6BB349D387BBF6F7DBD7 /* DashboardSummary.swift in Sources */ = {isa = PBXBuildFile; fileRef = 33CEE2942947357FEB0DDD0A /* DashboardSummary.swift */; };
		EFD826BD37A0077383C1B812 /* PaginationMeta.swift in Sources */ = {isa = PBXBuildFile; fileRef = 04E13F00ADA630C6F5CE1573 /* PaginationMeta.swift */; };
		F1A46766B239E2D45DC3CAEC /* SetCell.swift in Sources */ = {isa = PBXBuildFile; fileRef = EB8973D49C9388C9BA9F491C /* SetCell.swift */; };
		F4225B6E04A6A1E45A844B9D /* CollectionService.swift in Sources */ = {isa = PBXBuildFile; fileRef = B2370B9DDD4429D7F38A2ED6 /* CollectionService.swift */; };
		F80F1B353A76AAC988485CA0 /* ScanImagePreparationTests.swift in Sources */ = {isa = PBXBuildFile; fileRef = 94FE192FF781A876E503DB71 /* ScanImagePreparationTests.swift */; };
		FB89B828B1D38B45A749D4E5 /* PriceHistoryChartView.swift in Sources */ = {isa = PBXBuildFile; fileRef = 0B4E4D942BF851FE0291A64F /* PriceHistoryChartView.swift */; };
/* End PBXBuildFile section */

/* Begin PBXContainerItemProxy section */
		5EA7B5234563E98B0F0A3355 /* PBXContainerItemProxy */ = {
			isa = PBXContainerItemProxy;
			containerPortal = 95D919A1AE5266BBECF1B85F /* Project object */;
			proxyType = 1;
			remoteGlobalIDString = 33B6F7A61549B5D1419F7CC3;
			remoteInfo = Collectra;
		};
		74E02CE8D719F27E93EE37C9 /* PBXContainerItemProxy */ = {
			isa = PBXContainerItemProxy;
			containerPortal = 95D919A1AE5266BBECF1B85F /* Project object */;
			proxyType = 1;
			remoteGlobalIDString = 33B6F7A61549B5D1419F7CC3;
			remoteInfo = Collectra;
		};
/* End PBXContainerItemProxy section */

/* Begin PBXFileReference section */
		011C3EA30BA1E922F8366BC6 /* APIErrorTests.swift */ = {isa = PBXFileReference; lastKnownFileType = sourcecode.swift; path = APIErrorTests.swift; sourceTree = "<group>"; };
		02A167E62E46644F9C8D792D /* CardNavigationTarget.swift */ = {isa = PBXFileReference; lastKnownFileType = sourcecode.swift; path = CardNavigationTarget.swift; sourceTree = "<group>"; };
		033678695153C80995E4A256 /* SetsGridContent.swift */ = {isa = PBXFileReference; lastKnownFileType = sourcecode.swift; path = SetsGridContent.swift; sourceTree = "<group>"; };
		04E13F00ADA630C6F5CE1573 /* PaginationMeta.swift */ = {isa = PBXFileReference; lastKnownFileType = sourcecode.swift; path = PaginationMeta.swift; sourceTree = "<group>"; };
		06936B2B230C004D1641C974 /* VaultViewModelTests.swift */ = {isa = PBXFileReference; lastKnownFileType = sourcecode.swift; path = VaultViewModelTests.swift; sourceTree = "<group>"; };
		08D48A23BE7E93124425D803 /* APIClient.swift */ = {isa = PBXFileReference; lastKnownFileType = sourcecode.swift; path = APIClient.swift; sourceTree = "<group>"; };
		0A007E79F1AE5B30776E042C /* CollectraUITests.swift */ = {isa = PBXFileReference; lastKnownFileType = sourcecode.swift; path = CollectraUITests.swift; sourceTree = "<group>"; };
		0B4E4D942BF851FE0291A64F /* PriceHistoryChartView.swift */ = {isa = PBXFileReference; lastKnownFileType = sourcecode.swift; path = PriceHistoryChartView.swift; sourceTree = "<group>"; };
		0C62BC48F6097DE168965DCC /* ShelfViewModel.swift */ = {isa = PBXFileReference; lastKnownFileType = sourcecode.swift; path = ShelfViewModel.swift; sourceTree = "<group>"; };
		0D4367F26F60974065082AFE /* AppConfig.swift */ = {isa = PBXFileReference; lastKnownFileType = sourcecode.swift; path = AppConfig.swift; sourceTree = "<group>"; };
		0FC8743B1A3D87D748F533BF /* CatalogView.swift */ = {isa = PBXFileReference; lastKnownFileType = sourcecode.swift; path = CatalogView.swift; sourceTree = "<group>"; };
		1277FB6450DE4EDB095255AB /* FakeSetsService.swift */ = {isa = PBXFileReference; lastKnownFileType = sourcecode.swift; path = FakeSetsService.swift; sourceTree = "<group>"; };
		146C09BC07E9E7CFC94898A7 /* SetsViewModelTests.swift */ = {isa = PBXFileReference; lastKnownFileType = sourcecode.swift; path = SetsViewModelTests.swift; sourceTree = "<group>"; };
		166931E1F9417A3260A5AE8A /* CardDetailDecodingTests.swift */ = {isa = PBXFileReference; lastKnownFileType = sourcecode.swift; path = CardDetailDecodingTests.swift; sourceTree = "<group>"; };
		18156672CA489FF43CC370EF /* CameraAuthorizing.swift */ = {isa = PBXFileReference; lastKnownFileType = sourcecode.swift; path = CameraAuthorizing.swift; sourceTree = "<group>"; };
		1DA46D8D9A162CDCCA62777A /* ScanModels.swift */ = {isa = PBXFileReference; lastKnownFileType = sourcecode.swift; path = ScanModels.swift; sourceTree = "<group>"; };
		1DC73F1436098303626ED4E5 /* ThemePalette.swift */ = {isa = PBXFileReference; lastKnownFileType = sourcecode.swift; path = ThemePalette.swift; sourceTree = "<group>"; };
		2058A52B2731867E9D79B395 /* SupabaseClientProvider.swift */ = {isa = PBXFileReference; lastKnownFileType = sourcecode.swift; path = SupabaseClientProvider.swift; sourceTree = "<group>"; };
		2081859495A13DF166D8F44A /* SignInView.swift */ = {isa = PBXFileReference; lastKnownFileType = sourcecode.swift; path = SignInView.swift; sourceTree = "<group>"; };
		22590B6FE8D018AEBDBC4229 /* Theme.swift */ = {isa = PBXFileReference; lastKnownFileType = sourcecode.swift; path = Theme.swift; sourceTree = "<group>"; };
		257FEE714E62B4E5F0D2A05C /* CatalogViewModel.swift */ = {isa = PBXFileReference; lastKnownFileType = sourcecode.swift; path = CatalogViewModel.swift; sourceTree = "<group>"; };
		262615B08A57BFE932618249 /* FakeCameraAuthorizer.swift */ = {isa = PBXFileReference; lastKnownFileType = sourcecode.swift; path = FakeCameraAuthorizer.swift; sourceTree = "<group>"; };
		262ED49BDB606AB7DEAF86EC /* SetSummary.swift */ = {isa = PBXFileReference; lastKnownFileType = sourcecode.swift; path = SetSummary.swift; sourceTree = "<group>"; };
		29858FC0901759DD67C7A78A /* CatalogViewModelTests.swift */ = {isa = PBXFileReference; lastKnownFileType = sourcecode.swift; path = CatalogViewModelTests.swift; sourceTree = "<group>"; };
		2AB60EF6CF1C91CFD431B774 /* ShelfView.swift */ = {isa = PBXFileReference; lastKnownFileType = sourcecode.swift; path = ShelfView.swift; sourceTree = "<group>"; };
		2C77EE2FA57ED84C9C81288E /* MediaImage.swift */ = {isa = PBXFileReference; lastKnownFileType = sourcecode.swift; path = MediaImage.swift; sourceTree = "<group>"; };
		2CDA37810900400B2E961F73 /* VaultViewModel.swift */ = {isa = PBXFileReference; lastKnownFileType = sourcecode.swift; path = VaultViewModel.swift; sourceTree = "<group>"; };
		3029479B4B445F253C1D0EEE /* ScanService.swift */ = {isa = PBXFileReference; lastKnownFileType = sourcecode.swift; path = ScanService.swift; sourceTree = "<group>"; };
		33CEE2942947357FEB0DDD0A /* DashboardSummary.swift */ = {isa = PBXFileReference; lastKnownFileType = sourcecode.swift; path = DashboardSummary.swift; sourceTree = "<group>"; };
		35FB624E3F3BF07808C54E38 /* ScanState.swift */ = {isa = PBXFileReference; lastKnownFileType = sourcecode.swift; path = ScanState.swift; sourceTree = "<group>"; };
		371FB5E43DED8A07F9090F65 /* CardsGridContent.swift */ = {isa = PBXFileReference; lastKnownFileType = sourcecode.swift; path = CardsGridContent.swift; sourceTree = "<group>"; };
		372841A7E5949BCAD411B86F /* ShelfContentView.swift */ = {isa = PBXFileReference; lastKnownFileType = sourcecode.swift; path = ShelfContentView.swift; sourceTree = "<group>"; };
		389DE9942E8D81EB06B60901 /* CardDetail.swift */ = {isa = PBXFileReference; lastKnownFileType = sourcecode.swift; path = CardDetail.swift; sourceTree = "<group>"; };
		39D2A1460A0FB23D314E1E45 /* FakeCameraService.swift */ = {isa = PBXFileReference; lastKnownFileType = sourcecode.swift; path = FakeCameraService.swift; sourceTree = "<group>"; };
		3AB86039BBBC7476FD146EC8 /* TabRouter.swift */ = {isa = PBXFileReference; lastKnownFileType = sourcecode.swift; path = TabRouter.swift; sourceTree = "<group>"; };
		3E20709879B5A361BE9A9DC4 /* FakeCollectionService.swift */ = {isa = PBXFileReference; lastKnownFileType = sourcecode.swift; path = FakeCollectionService.swift; sourceTree = "<group>"; };
		3E243A1FD888E05994C7D914 /* ScanImagePreparation.swift */ = {isa = PBXFileReference; lastKnownFileType = sourcecode.swift; path = ScanImagePreparation.swift; sourceTree = "<group>"; };
		445B50C7D99CF46A8F9D9CE5 /* HomeViewModel.swift */ = {isa = PBXFileReference; lastKnownFileType = sourcecode.swift; path = HomeViewModel.swift; sourceTree = "<group>"; };
		44C1542E4A4B037056958E59 /* WishlistCell.swift */ = {isa = PBXFileReference; lastKnownFileType = sourcecode.swift; path = WishlistCell.swift; sourceTree = "<group>"; };
		4702FEB1515F187DA0A20BF3 /* CameraService.swift */ = {isa = PBXFileReference; lastKnownFileType = sourcecode.swift; path = CameraService.swift; sourceTree = "<group>"; };
		47071813CDD1577E0C5FD247 /* HomeService.swift */ = {isa = PBXFileReference; lastKnownFileType = sourcecode.swift; path = HomeService.swift; sourceTree = "<group>"; };
		49C7E325D5AF2DF9888C0E6B /* SetDetail.swift */ = {isa = PBXFileReference; lastKnownFileType = sourcecode.swift; path = SetDetail.swift; sourceTree = "<group>"; };
		49F348157CB9E26257F45DA7 /* ShelfCell.swift */ = {isa = PBXFileReference; lastKnownFileType = sourcecode.swift; path = ShelfCell.swift; sourceTree = "<group>"; };
		4C7F3BA7887F1848228DFBB7 /* CardSummary.swift */ = {isa = PBXFileReference; lastKnownFileType = sourcecode.swift; path = CardSummary.swift; sourceTree = "<group>"; };
		517CA4E7DD6DB5607866F4C1 /* WishlistView.swift */ = {isa = PBXFileReference; lastKnownFileType = sourcecode.swift; path = WishlistView.swift; sourceTree = "<group>"; };
		56B49B3F8A2A9B0F1C9F74D7 /* ScanViewModelTests.swift */ = {isa = PBXFileReference; lastKnownFileType = sourcecode.swift; path = ScanViewModelTests.swift; sourceTree = "<group>"; };
		5A26465997A8B3F8C2046AC1 /* Assets.xcassets */ = {isa = PBXFileReference; lastKnownFileType = folder.assetcatalog; path = Assets.xcassets; sourceTree = "<group>"; };
		5BF2E193E9B1AB13E3933B01 /* Release.xcconfig */ = {isa = PBXFileReference; lastKnownFileType = text.xcconfig; path = Release.xcconfig; sourceTree = "<group>"; };
		5D593786BA55AA95F2496A54 /* Phase5CollectionUITests.swift */ = {isa = PBXFileReference; lastKnownFileType = sourcecode.swift; path = Phase5CollectionUITests.swift; sourceTree = "<group>"; };
		5F2C0B6E0F80701BF25019A3 /* CardSummaryDecodingTests.swift */ = {isa = PBXFileReference; lastKnownFileType = sourcecode.swift; path = CardSummaryDecodingTests.swift; sourceTree = "<group>"; };
		635F6B2393BA7C6CDBE8E74A /* CardDetailViewModel.swift */ = {isa = PBXFileReference; lastKnownFileType = sourcecode.swift; path = CardDetailViewModel.swift; sourceTree = "<group>"; };
		63D05D213834E6C0D4A566D6 /* WishlistViewModelTests.swift */ = {isa = PBXFileReference; lastKnownFileType = sourcecode.swift; path = WishlistViewModelTests.swift; sourceTree = "<group>"; };
		64258D3E2C1ECCFA1F69EC9E /* VaultView.swift */ = {isa = PBXFileReference; lastKnownFileType = sourcecode.swift; path = VaultView.swift; sourceTree = "<group>"; };
		683B5F8784BD6EDCD32BDDC2 /* MainTabView.swift */ = {isa = PBXFileReference; lastKnownFileType = sourcecode.swift; path = MainTabView.swift; sourceTree = "<group>"; };
		740A7D515829FAD5D51CCC01 /* ScanView.swift */ = {isa = PBXFileReference; lastKnownFileType = sourcecode.swift; path = ScanView.swift; sourceTree = "<group>"; };
		75B27DB7E05CFC48AF25E9DC /* FakeCatalogService.swift */ = {isa = PBXFileReference; lastKnownFileType = sourcecode.swift; path = FakeCatalogService.swift; sourceTree = "<group>"; };
		78B311CA521D069FE1E3BA4C /* CameraPreviewView.swift */ = {isa = PBXFileReference; lastKnownFileType = sourcecode.swift; path = CameraPreviewView.swift; sourceTree = "<group>"; };
		7A95759AEDE2A761487421DE /* CatalogService.swift */ = {isa = PBXFileReference; lastKnownFileType = sourcecode.swift; path = CatalogService.swift; sourceTree = "<group>"; };
		7E1A6A936A4E1FAF2B590D0D /* PriceDisplay.swift */ = {isa = PBXFileReference; lastKnownFileType = sourcecode.swift; path = PriceDisplay.swift; sourceTree = "<group>"; };
		846FA3A3EF708EEE6DF17F01 /* ScanModelsDecodingTests.swift */ = {isa = PBXFileReference; lastKnownFileType = sourcecode.swift; path = ScanModelsDecodingTests.swift; sourceTree = "<group>"; };
		87C4E6B85EC58CC6AEF75546 /* GradedPriceHistory.swift */ = {isa = PBXFileReference; lastKnownFileType = sourcecode.swift; path = GradedPriceHistory.swift; sourceTree = "<group>"; };
		8AA8FB2491554C4939C5D7BE /* CollectionSyncCenter.swift */ = {isa = PBXFileReference; lastKnownFileType = sourcecode.swift; path = CollectionSyncCenter.swift; sourceTree = "<group>"; };
		8AC9B8F589C7A6B90A309596 /* CardDetailView.swift */ = {isa = PBXFileReference; lastKnownFileType = sourcecode.swift; path = CardDetailView.swift; sourceTree = "<group>"; };
		8F17063C8660D1A226C3B177 /* PriceTagView.swift */ = {isa = PBXFileReference; lastKnownFileType = sourcecode.swift; path = PriceTagView.swift; sourceTree = "<group>"; };
		91A368CF82ED1ACB5BC7D619 /* CollectionStateView.swift */ = {isa = PBXFileReference; lastKnownFileType = sourcecode.swift; path = CollectionStateView.swift; sourceTree = "<group>"; };
		94FE192FF781A876E503DB71 /* ScanImagePreparationTests.swift */ = {isa = PBXFileReference; lastKnownFileType = sourcecode.swift; path = ScanImagePreparationTests.swift; sourceTree = "<group>"; };
		9988EA6A45999203B2E83129 /* WishlistViewModel.swift */ = {isa = PBXFileReference; lastKnownFileType = sourcecode.swift; path = WishlistViewModel.swift; sourceTree = "<group>"; };
		9A52BF78AB710A806CFC2AE9 /* HomeView.swift */ = {isa = PBXFileReference; lastKnownFileType = sourcecode.swift; path = HomeView.swift; sourceTree = "<group>"; };
		9A7FC0CCABA499710634AAAC /* SetsService.swift */ = {isa = PBXFileReference; lastKnownFileType = sourcecode.swift; path = SetsService.swift; sourceTree = "<group>"; };
		9BC64770D8A2A6D94BDF95BF /* Debug.xcconfig */ = {isa = PBXFileReference; lastKnownFileType = text.xcconfig; path = Debug.xcconfig; sourceTree = "<group>"; };
		9BE1B1A603419B0A2D5EE58B /* PriceHistoryDecodingTests.swift */ = {isa = PBXFileReference; lastKnownFileType = sourcecode.swift; path = PriceHistoryDecodingTests.swift; sourceTree = "<group>"; };
		9EA5648858199D6978CC98D7 /* CollectionMutations.swift */ = {isa = PBXFileReference; lastKnownFileType = sourcecode.swift; path = CollectionMutations.swift; sourceTree = "<group>"; };
		9F655732BE2A8BBCE7F5DB1E /* withTimeout.swift */ = {isa = PBXFileReference; lastKnownFileType = sourcecode.swift; path = withTimeout.swift; sourceTree = "<group>"; };
		A01E81C365ABEDDF7FFDF61D /* CachedAsyncImage.swift */ = {isa = PBXFileReference; lastKnownFileType = sourcecode.swift; path = CachedAsyncImage.swift; sourceTree = "<group>"; };
		A50BEA30665A016517B9C1B6 /* CardDetailService.swift */ = {isa = PBXFileReference; lastKnownFileType = sourcecode.swift; path = CardDetailService.swift; sourceTree = "<group>"; };
		A50FFE66070ACAE6656A0A3F /* Info.plist */ = {isa = PBXFileReference; lastKnownFileType = text.plist; path = Info.plist; sourceTree = "<group>"; };
		A7CF851AA067D0B652305625 /* JSONFixtures.swift */ = {isa = PBXFileReference; lastKnownFileType = sourcecode.swift; path = JSONFixtures.swift; sourceTree = "<group>"; };
		A7FBED89F81C77841AEC620F /* CollectraUITests.xctest */ = {isa = PBXFileReference; includeInIndex = 0; lastKnownFileType = wrapper.cfbundle; path = CollectraUITests.xctest; sourceTree = BUILT_PRODUCTS_DIR; };
		A977E73707FB45B58C26B4C1 /* ShelfItem.swift */ = {isa = PBXFileReference; lastKnownFileType = sourcecode.swift; path = ShelfItem.swift; sourceTree = "<group>"; };
		AA1AF5D1D89087925819F0BF /* CollectionLoadState.swift */ = {isa = PBXFileReference; lastKnownFileType = sourcecode.swift; path = CollectionLoadState.swift; sourceTree = "<group>"; };
		AC2C3589D84ECA4EF60CBEAE /* SessionManager.swift */ = {isa = PBXFileReference; lastKnownFileType = sourcecode.swift; path = SessionManager.swift; sourceTree = "<group>"; };
		ADC75B9507B1FBB9C65B8268 /* CardDetailViewModelTests.swift */ = {isa = PBXFileReference; lastKnownFileType = sourcecode.swift; path = CardDetailViewModelTests.swift; sourceTree = "<group>"; };
		AF8F946316B5D725556065ED /* SetsViewModel.swift */ = {isa = PBXFileReference; lastKnownFileType = sourcecode.swift; path = SetsViewModel.swift; sourceTree = "<group>"; };
		B2370B9DDD4429D7F38A2ED6 /* CollectionService.swift */ = {isa = PBXFileReference; lastKnownFileType = sourcecode.swift; path = CollectionService.swift; sourceTree = "<group>"; };
		B30ABD48F99F9C382DE1126B /* Collectra.app */ = {isa = PBXFileReference; includeInIndex = 0; lastKnownFileType = wrapper.application; path = Collectra.app; sourceTree = BUILT_PRODUCTS_DIR; };
		B63B2D645270CEF83AF71979 /* CardImageTile.swift */ = {isa = PBXFileReference; lastKnownFileType = sourcecode.swift; path = CardImageTile.swift; sourceTree = "<group>"; };
		B87F8DBC8732ADA3B72D2577 /* WithTimeoutTests.swift */ = {isa = PBXFileReference; lastKnownFileType = sourcecode.swift; path = WithTimeoutTests.swift; sourceTree = "<group>"; };
		BBD11A8FD21C885B766697E0 /* ThemeManager.swift */ = {isa = PBXFileReference; lastKnownFileType = sourcecode.swift; path = ThemeManager.swift; sourceTree = "<group>"; };
		BC57ABCAADDBCEE35EF361DD /* ScanUITests.swift */ = {isa = PBXFileReference; lastKnownFileType = sourcecode.swift; path = ScanUITests.swift; sourceTree = "<group>"; };
		BE5DFE36C20C02A9282FC9E3 /* CollectionControlsView.swift */ = {isa = PBXFileReference; lastKnownFileType = sourcecode.swift; path = CollectionControlsView.swift; sourceTree = "<group>"; };
		BF8715B7D7A15AC6E6B09ED9 /* SignUpView.swift */ = {isa = PBXFileReference; lastKnownFileType = sourcecode.swift; path = SignUpView.swift; sourceTree = "<group>"; };
		C2465E13119DE41F44767C27 /* SetDetailViewModel.swift */ = {isa = PBXFileReference; lastKnownFileType = sourcecode.swift; path = SetDetailViewModel.swift; sourceTree = "<group>"; };
		C2FA830986163077ED4AA555 /* Me.swift */ = {isa = PBXFileReference; lastKnownFileType = sourcecode.swift; path = Me.swift; sourceTree = "<group>"; };
		CBB60023F7EA80AE16B86280 /* ProfileView.swift */ = {isa = PBXFileReference; lastKnownFileType = sourcecode.swift; path = ProfileView.swift; sourceTree = "<group>"; };
		D63D20AE0757D9ECECCF9872 /* VaultItem.swift */ = {isa = PBXFileReference; lastKnownFileType = sourcecode.swift; path = VaultItem.swift; sourceTree = "<group>"; };
		D694F8C59325D40116C7A55D /* FakeHomeService.swift */ = {isa = PBXFileReference; lastKnownFileType = sourcecode.swift; path = FakeHomeService.swift; sourceTree = "<group>"; };
		D8A4ED1E1DCE293444E8BCE2 /* RootView.swift */ = {isa = PBXFileReference; lastKnownFileType = sourcecode.swift; path = RootView.swift; sourceTree = "<group>"; };
		DA6D9C2D9CA9E03022F5C3BA /* CollectraApp.swift */ = {isa = PBXFileReference; lastKnownFileType = sourcecode.swift; path = CollectraApp.swift; sourceTree = "<group>"; };
		DAFE4BF4E757A57AD4C73BBC /* HomeViewModelTests.swift */ = {isa = PBXFileReference; lastKnownFileType = sourcecode.swift; path = HomeViewModelTests.swift; sourceTree = "<group>"; };
		DB753D464BA0D33541726CF2 /* FakeScanService.swift */ = {isa = PBXFileReference; lastKnownFileType = sourcecode.swift; path = FakeScanService.swift; sourceTree = "<group>"; };
		DEC3F3B89EB62BE17BA2E040 /* SetDetailView.swift */ = {isa = PBXFileReference; lastKnownFileType = sourcecode.swift; path = SetDetailView.swift; sourceTree = "<group>"; };
		E1B82368C159B0F3B8F01385 /* ShelfViewModelTests.swift */ = {isa = PBXFileReference; lastKnownFileType = sourcecode.swift; path = ShelfViewModelTests.swift; sourceTree = "<group>"; };
		E2424F98DFB36287F56FB383 /* WishlistItem.swift */ = {isa = PBXFileReference; lastKnownFileType = sourcecode.swift; path = WishlistItem.swift; sourceTree = "<group>"; };
		E405119C1D4B4E372AEDE8DC /* ScanViewModel.swift */ = {isa = PBXFileReference; lastKnownFileType = sourcecode.swift; path = ScanViewModel.swift; sourceTree = "<group>"; };
		E5558CEEA7CE2BB9289113F4 /* CollectraTextField.swift */ = {isa = PBXFileReference; lastKnownFileType = sourcecode.swift; path = CollectraTextField.swift; sourceTree = "<group>"; };
		EB8973D49C9388C9BA9F491C /* SetCell.swift */ = {isa = PBXFileReference; lastKnownFileType = sourcecode.swift; path = SetCell.swift; sourceTree = "<group>"; };
		EBA6A93D5A72463DCC920481 /* OnboardingView.swift */ = {isa = PBXFileReference; lastKnownFileType = sourcecode.swift; path = OnboardingView.swift; sourceTree = "<group>"; };
		ED1B0B011354E95973FBB6EA /* CardCell.swift */ = {isa = PBXFileReference; lastKnownFileType = sourcecode.swift; path = CardCell.swift; sourceTree = "<group>"; };
		F32713D932EB25DC1F58C049 /* VaultCell.swift */ = {isa = PBXFileReference; lastKnownFileType = sourcecode.swift; path = VaultCell.swift; sourceTree = "<group>"; };
		F54A8EC8DA5F6F30F62E890C /* CollectraTests.xctest */ = {isa = PBXFileReference; includeInIndex = 0; lastKnownFileType = wrapper.cfbundle; path = CollectraTests.xctest; sourceTree = BUILT_PRODUCTS_DIR; };
		F87AB3CD4939EBCC1BB11EB6 /* APIError.swift */ = {isa = PBXFileReference; lastKnownFileType = sourcecode.swift; path = APIError.swift; sourceTree = "<group>"; };
		F898CF0C20058713F904A32D /* VariantPicker.swift */ = {isa = PBXFileReference; lastKnownFileType = sourcecode.swift; path = VariantPicker.swift; sourceTree = "<group>"; };
		FBA5EB456A0350FAD53D175C /* PriceHistory.swift */ = {isa = PBXFileReference; lastKnownFileType = sourcecode.swift; path = PriceHistory.swift; sourceTree = "<group>"; };
/* End PBXFileReference section */

/* Begin PBXFrameworksBuildPhase section */
		2BD54EED1E340F8FA52A1586 /* Frameworks */ = {
			isa = PBXFrameworksBuildPhase;
			buildActionMask = 2147483647;
			files = (
				803FB2BF05441E324236A864 /* Supabase in Frameworks */,
			);
			runOnlyForDeploymentPostprocessing = 0;
		};
/* End PBXFrameworksBuildPhase section */

/* Begin PBXGroup section */
		0942FC7FCE0C2CA5C988CE92 /* Scan */ = {
			isa = PBXGroup;
			children = (
				18156672CA489FF43CC370EF /* CameraAuthorizing.swift */,
				4702FEB1515F187DA0A20BF3 /* CameraService.swift */,
				3E243A1FD888E05994C7D914 /* ScanImagePreparation.swift */,
				3029479B4B445F253C1D0EEE /* ScanService.swift */,
				35FB624E3F3BF07808C54E38 /* ScanState.swift */,
				740A7D515829FAD5D51CCC01 /* ScanView.swift */,
				E405119C1D4B4E372AEDE8DC /* ScanViewModel.swift */,
				0A72254D34D1627EF8F6E1E2 /* Components */,
				60168024A613AAEC0C9A28F9 /* Models */,
			);
			path = Scan;
			sourceTree = "<group>";
		};
		0A72254D34D1627EF8F6E1E2 /* Components */ = {
			isa = PBXGroup;
			children = (
				78B311CA521D069FE1E3BA4C /* CameraPreviewView.swift */,
			);
			path = Components;
			sourceTree = "<group>";
		};
		12149CA4E984F184A8F3E747 /* App */ = {
			isa = PBXGroup;
			children = (
				DA6D9C2D9CA9E03022F5C3BA /* CollectraApp.swift */,
				683B5F8784BD6EDCD32BDDC2 /* MainTabView.swift */,
				D8A4ED1E1DCE293444E8BCE2 /* RootView.swift */,
				3AB86039BBBC7476FD146EC8 /* TabRouter.swift */,
			);
			path = App;
			sourceTree = "<group>";
		};
		13C1ED1A014539E4AF71E33B /* Models */ = {
			isa = PBXGroup;
			children = (
				02A167E62E46644F9C8D792D /* CardNavigationTarget.swift */,
				9EA5648858199D6978CC98D7 /* CollectionMutations.swift */,
				A977E73707FB45B58C26B4C1 /* ShelfItem.swift */,
				D63D20AE0757D9ECECCF9872 /* VaultItem.swift */,
				E2424F98DFB36287F56FB383 /* WishlistItem.swift */,
			);
			path = Models;
			sourceTree = "<group>";
		};
		2A7DC57A5837A1A10EC09DEA /* Components */ = {
			isa = PBXGroup;
			children = (
				ED1B0B011354E95973FBB6EA /* CardCell.swift */,
				371FB5E43DED8A07F9090F65 /* CardsGridContent.swift */,
				0B4E4D942BF851FE0291A64F /* PriceHistoryChartView.swift */,
				8F17063C8660D1A226C3B177 /* PriceTagView.swift */,
				F898CF0C20058713F904A32D /* VariantPicker.swift */,
			);
			path = Components;
			sourceTree = "<group>";
		};
		2CF1AC82DA1E8C5535486AAF /* Models */ = {
			isa = PBXGroup;
			children = (
				49C7E325D5AF2DF9888C0E6B /* SetDetail.swift */,
				262ED49BDB606AB7DEAF86EC /* SetSummary.swift */,
			);
			path = Models;
			sourceTree = "<group>";
		};
		2D11D97AD91BF61BA3E09A00 /* Auth */ = {
			isa = PBXGroup;
			children = (
				AC2C3589D84ECA4EF60CBEAE /* SessionManager.swift */,
				2058A52B2731867E9D79B395 /* SupabaseClientProvider.swift */,
			);
			path = Auth;
			sourceTree = "<group>";
		};
		2D4EDA9BFE4D769345FA324A /* Configuration */ = {
			isa = PBXGroup;
			children = (
				0D4367F26F60974065082AFE /* AppConfig.swift */,
				9BC64770D8A2A6D94BDF95BF /* Debug.xcconfig */,
				5BF2E193E9B1AB13E3933B01 /* Release.xcconfig */,
			);
			path = Configuration;
			sourceTree = "<group>";
		};
		419937C3F6C371DC2A90882A /* Home */ = {
			isa = PBXGroup;
			children = (
				47071813CDD1577E0C5FD247 /* HomeService.swift */,
				9A52BF78AB710A806CFC2AE9 /* HomeView.swift */,
				445B50C7D99CF46A8F9D9CE5 /* HomeViewModel.swift */,
				ABFA37ED47EB07F2443E33ED /* Models */,
			);
			path = Home;
			sourceTree = "<group>";
		};
		4E6771B183469CB8643C5158 /* Models */ = {
			isa = PBXGroup;
			children = (
				389DE9942E8D81EB06B60901 /* CardDetail.swift */,
				4C7F3BA7887F1848228DFBB7 /* CardSummary.swift */,
				87C4E6B85EC58CC6AEF75546 /* GradedPriceHistory.swift */,
				FBA5EB456A0350FAD53D175C /* PriceHistory.swift */,
			);
			path = Models;
			sourceTree = "<group>";
		};
		55C73E393681076AB8FF0685 /* DesignSystem */ = {
			isa = PBXGroup;
			children = (
				A01E81C365ABEDDF7FFDF61D /* CachedAsyncImage.swift */,
				B63B2D645270CEF83AF71979 /* CardImageTile.swift */,
				91A368CF82ED1ACB5BC7D619 /* CollectionStateView.swift */,
				E5558CEEA7CE2BB9289113F4 /* CollectraTextField.swift */,
				22590B6FE8D018AEBDBC4229 /* Theme.swift */,
				BBD11A8FD21C885B766697E0 /* ThemeManager.swift */,
				1DC73F1436098303626ED4E5 /* ThemePalette.swift */,
			);
			path = DesignSystem;
			sourceTree = "<group>";
		};
		60168024A613AAEC0C9A28F9 /* Models */ = {
			isa = PBXGroup;
			children = (
				1DA46D8D9A162CDCCA62777A /* ScanModels.swift */,
			);
			path = Models;
			sourceTree = "<group>";
		};
		753E8B479A6C0C5E2163AB21 /* Profile */ = {
			isa = PBXGroup;
			children = (
				CBB60023F7EA80AE16B86280 /* ProfileView.swift */,
			);
			path = Profile;
			sourceTree = "<group>";
		};
		7FFD25C0AF34ABC9B6EBADC2 /* Networking */ = {
			isa = PBXGroup;
			children = (
				08D48A23BE7E93124425D803 /* APIClient.swift */,
				F87AB3CD4939EBCC1BB11EB6 /* APIError.swift */,
				9F655732BE2A8BBCE7F5DB1E /* withTimeout.swift */,
				F1E8CC80A787F2BAD4EC2192 /* Models */,
			);
			path = Networking;
			sourceTree = "<group>";
		};
		84302F014D47C8AD29F86853 /* Features */ = {
			isa = PBXGroup;
			children = (
				87CB3A658F1888ECDAF1EAAE /* Auth */,
				D700DD579F370BB094730EED /* Catalog */,
				CC4A31F11C061C59F6C01EE4 /* Collection */,
				419937C3F6C371DC2A90882A /* Home */,
				B342C96BCBD614BE720D05DD /* Onboarding */,
				753E8B479A6C0C5E2163AB21 /* Profile */,
				0942FC7FCE0C2CA5C988CE92 /* Scan */,
				B213F14EE3624E5A5D50795D /* Sets */,
				B85FBB9F8D5A58D573A0B44F /* Shelf */,
			);
			path = Features;
			sourceTree = "<group>";
		};
		87CB3A658F1888ECDAF1EAAE /* Auth */ = {
			isa = PBXGroup;
			children = (
				2081859495A13DF166D8F44A /* SignInView.swift */,
				BF8715B7D7A15AC6E6B09ED9 /* SignUpView.swift */,
			);
			path = Auth;
			sourceTree = "<group>";
		};
		A78893401E288EA0EA11A822 /* Components */ = {
			isa = PBXGroup;
			children = (
				EB8973D49C9388C9BA9F491C /* SetCell.swift */,
				033678695153C80995E4A256 /* SetsGridContent.swift */,
			);
			path = Components;
			sourceTree = "<group>";
		};
		ABFA37ED47EB07F2443E33ED /* Models */ = {
			isa = PBXGroup;
			children = (
				33CEE2942947357FEB0DDD0A /* DashboardSummary.swift */,
			);
			path = Models;
			sourceTree = "<group>";
		};
		B0A60C3BA600E5426D9E1CE3 /* CollectraUITests */ = {
			isa = PBXGroup;
			children = (
				0A007E79F1AE5B30776E042C /* CollectraUITests.swift */,
				5D593786BA55AA95F2496A54 /* Phase5CollectionUITests.swift */,
				BC57ABCAADDBCEE35EF361DD /* ScanUITests.swift */,
			);
			path = CollectraUITests;
			sourceTree = "<group>";
		};
		B213F14EE3624E5A5D50795D /* Sets */ = {
			isa = PBXGroup;
			children = (
				DEC3F3B89EB62BE17BA2E040 /* SetDetailView.swift */,
				C2465E13119DE41F44767C27 /* SetDetailViewModel.swift */,
				9A7FC0CCABA499710634AAAC /* SetsService.swift */,
				AF8F946316B5D725556065ED /* SetsViewModel.swift */,
				A78893401E288EA0EA11A822 /* Components */,
				2CF1AC82DA1E8C5535486AAF /* Models */,
			);
			path = Sets;
			sourceTree = "<group>";
		};
		B342C96BCBD614BE720D05DD /* Onboarding */ = {
			isa = PBXGroup;
			children = (
				EBA6A93D5A72463DCC920481 /* OnboardingView.swift */,
			);
			path = Onboarding;
			sourceTree = "<group>";
		};
		B476044D0698B5D99C8BE6E4 = {
			isa = PBXGroup;
			children = (
				BADB2B1372278DC17E2EB694 /* Collectra */,
				CB07C44C3D10B00B404EB8A7 /* CollectraTests */,
				B0A60C3BA600E5426D9E1CE3 /* CollectraUITests */,
				D46772EA0DAFF0A597E883B6 /* Products */,
			);
			sourceTree = "<group>";
		};
		B85FBB9F8D5A58D573A0B44F /* Shelf */ = {
			isa = PBXGroup;
			children = (
				2AB60EF6CF1C91CFD431B774 /* ShelfView.swift */,
			);
			path = Shelf;
			sourceTree = "<group>";
		};
		B9B97A0AB4193F7A2B619F13 /* TestSupport */ = {
			isa = PBXGroup;
			children = (
				262615B08A57BFE932618249 /* FakeCameraAuthorizer.swift */,
				39D2A1460A0FB23D314E1E45 /* FakeCameraService.swift */,
				75B27DB7E05CFC48AF25E9DC /* FakeCatalogService.swift */,
				3E20709879B5A361BE9A9DC4 /* FakeCollectionService.swift */,
				D694F8C59325D40116C7A55D /* FakeHomeService.swift */,
				DB753D464BA0D33541726CF2 /* FakeScanService.swift */,
				1277FB6450DE4EDB095255AB /* FakeSetsService.swift */,
				A7CF851AA067D0B652305625 /* JSONFixtures.swift */,
			);
			path = TestSupport;
			sourceTree = "<group>";
		};
		BADB2B1372278DC17E2EB694 /* Collectra */ = {
			isa = PBXGroup;
			children = (
				12149CA4E984F184A8F3E747 /* App */,
				2D11D97AD91BF61BA3E09A00 /* Auth */,
				2D4EDA9BFE4D769345FA324A /* Configuration */,
				55C73E393681076AB8FF0685 /* DesignSystem */,
				84302F014D47C8AD29F86853 /* Features */,
				7FFD25C0AF34ABC9B6EBADC2 /* Networking */,
				BE5A890057A39686FE3CEBBF /* Resources */,
			);
			path = Collectra;
			sourceTree = "<group>";
		};
		BE5A890057A39686FE3CEBBF /* Resources */ = {
			isa = PBXGroup;
			children = (
				5A26465997A8B3F8C2046AC1 /* Assets.xcassets */,
				A50FFE66070ACAE6656A0A3F /* Info.plist */,
			);
			path = Resources;
			sourceTree = "<group>";
		};
		CB07C44C3D10B00B404EB8A7 /* CollectraTests */ = {
			isa = PBXGroup;
			children = (
				011C3EA30BA1E922F8366BC6 /* APIErrorTests.swift */,
				166931E1F9417A3260A5AE8A /* CardDetailDecodingTests.swift */,
				ADC75B9507B1FBB9C65B8268 /* CardDetailViewModelTests.swift */,
				5F2C0B6E0F80701BF25019A3 /* CardSummaryDecodingTests.swift */,
				29858FC0901759DD67C7A78A /* CatalogViewModelTests.swift */,
				DAFE4BF4E757A57AD4C73BBC /* HomeViewModelTests.swift */,
				9BE1B1A603419B0A2D5EE58B /* PriceHistoryDecodingTests.swift */,
				94FE192FF781A876E503DB71 /* ScanImagePreparationTests.swift */,
				846FA3A3EF708EEE6DF17F01 /* ScanModelsDecodingTests.swift */,
				56B49B3F8A2A9B0F1C9F74D7 /* ScanViewModelTests.swift */,
				146C09BC07E9E7CFC94898A7 /* SetsViewModelTests.swift */,
				E1B82368C159B0F3B8F01385 /* ShelfViewModelTests.swift */,
				06936B2B230C004D1641C974 /* VaultViewModelTests.swift */,
				63D05D213834E6C0D4A566D6 /* WishlistViewModelTests.swift */,
				B87F8DBC8732ADA3B72D2577 /* WithTimeoutTests.swift */,
				B9B97A0AB4193F7A2B619F13 /* TestSupport */,
			);
			path = CollectraTests;
			sourceTree = "<group>";
		};
		CC4A31F11C061C59F6C01EE4 /* Collection */ = {
			isa = PBXGroup;
			children = (
				AA1AF5D1D89087925819F0BF /* CollectionLoadState.swift */,
				B2370B9DDD4429D7F38A2ED6 /* CollectionService.swift */,
				8AA8FB2491554C4939C5D7BE /* CollectionSyncCenter.swift */,
				372841A7E5949BCAD411B86F /* ShelfContentView.swift */,
				0C62BC48F6097DE168965DCC /* ShelfViewModel.swift */,
				64258D3E2C1ECCFA1F69EC9E /* VaultView.swift */,
				2CDA37810900400B2E961F73 /* VaultViewModel.swift */,
				517CA4E7DD6DB5607866F4C1 /* WishlistView.swift */,
				9988EA6A45999203B2E83129 /* WishlistViewModel.swift */,
				DB7E56140A013146B14571BD /* Components */,
				13C1ED1A014539E4AF71E33B /* Models */,
			);
			path = Collection;
			sourceTree = "<group>";
		};
		D46772EA0DAFF0A597E883B6 /* Products */ = {
			isa = PBXGroup;
			children = (
				B30ABD48F99F9C382DE1126B /* Collectra.app */,
				F54A8EC8DA5F6F30F62E890C /* CollectraTests.xctest */,
				A7FBED89F81C77841AEC620F /* CollectraUITests.xctest */,
			);
			name = Products;
			sourceTree = "<group>";
		};
		D700DD579F370BB094730EED /* Catalog */ = {
			isa = PBXGroup;
			children = (
				A50BEA30665A016517B9C1B6 /* CardDetailService.swift */,
				8AC9B8F589C7A6B90A309596 /* CardDetailView.swift */,
				635F6B2393BA7C6CDBE8E74A /* CardDetailViewModel.swift */,
				7A95759AEDE2A761487421DE /* CatalogService.swift */,
				0FC8743B1A3D87D748F533BF /* CatalogView.swift */,
				257FEE714E62B4E5F0D2A05C /* CatalogViewModel.swift */,
				2A7DC57A5837A1A10EC09DEA /* Components */,
				4E6771B183469CB8643C5158 /* Models */,
			);
			path = Catalog;
			sourceTree = "<group>";
		};
		DB7E56140A013146B14571BD /* Components */ = {
			isa = PBXGroup;
			children = (
				BE5DFE36C20C02A9282FC9E3 /* CollectionControlsView.swift */,
				49F348157CB9E26257F45DA7 /* ShelfCell.swift */,
				F32713D932EB25DC1F58C049 /* VaultCell.swift */,
				44C1542E4A4B037056958E59 /* WishlistCell.swift */,
			);
			path = Components;
			sourceTree = "<group>";
		};
		F1E8CC80A787F2BAD4EC2192 /* Models */ = {
			isa = PBXGroup;
			children = (
				C2FA830986163077ED4AA555 /* Me.swift */,
				2C77EE2FA57ED84C9C81288E /* MediaImage.swift */,
				04E13F00ADA630C6F5CE1573 /* PaginationMeta.swift */,
				7E1A6A936A4E1FAF2B590D0D /* PriceDisplay.swift */,
			);
			path = Models;
			sourceTree = "<group>";
		};
/* End PBXGroup section */

/* Begin PBXNativeTarget section */
		13CB22643A10E67A7A6CCFE8 /* CollectraTests */ = {
			isa = PBXNativeTarget;
			buildConfigurationList = D789153D1099EEB3E56902C3 /* Build configuration list for PBXNativeTarget "CollectraTests" */;
			buildPhases = (
				B0E817220B7B06C98AF15F4D /* Sources */,
			);
			buildRules = (
			);
			dependencies = (
				6C5C3229E8DDE213DE6EBF78 /* PBXTargetDependency */,
			);
			name = CollectraTests;
			packageProductDependencies = (
			);
			productName = CollectraTests;
			productReference = F54A8EC8DA5F6F30F62E890C /* CollectraTests.xctest */;
			productType = "com.apple.product-type.bundle.unit-test";
		};
		33B6F7A61549B5D1419F7CC3 /* Collectra */ = {
			isa = PBXNativeTarget;
			buildConfigurationList = 93E57B8C13E3A78E51AE1036 /* Build configuration list for PBXNativeTarget "Collectra" */;
			buildPhases = (
				DEC5E4B311C9F2BD49AD522F /* Sources */,
				C922F45D80DD8DF51B4E3019 /* Resources */,
				2BD54EED1E340F8FA52A1586 /* Frameworks */,
			);
			buildRules = (
			);
			dependencies = (
			);
			name = Collectra;
			packageProductDependencies = (
				F05F7ECCE5636020C07B8EB2 /* Supabase */,
			);
			productName = Collectra;
			productReference = B30ABD48F99F9C382DE1126B /* Collectra.app */;
			productType = "com.apple.product-type.application";
		};
		D33CEC48734E3BD254640457 /* CollectraUITests */ = {
			isa = PBXNativeTarget;
			buildConfigurationList = 635F3FDE48D51D6A6FA5B58E /* Build configuration list for PBXNativeTarget "CollectraUITests" */;
			buildPhases = (
				9860D225D120FB47BED01001 /* Sources */,
			);
			buildRules = (
			);
			dependencies = (
				979DCFD8B4B7AAC8CDE66EA8 /* PBXTargetDependency */,
			);
			name = CollectraUITests;
			packageProductDependencies = (
			);
			productName = CollectraUITests;
			productReference = A7FBED89F81C77841AEC620F /* CollectraUITests.xctest */;
			productType = "com.apple.product-type.bundle.ui-testing";
		};
/* End PBXNativeTarget section */

/* Begin PBXProject section */
		95D919A1AE5266BBECF1B85F /* Project object */ = {
			isa = PBXProject;
			attributes = {
				BuildIndependentTargetsInParallel = YES;
				LastUpgradeCheck = 1430;
				TargetAttributes = {
					13CB22643A10E67A7A6CCFE8 = {
						TestTargetID = 33B6F7A61549B5D1419F7CC3;
					};
					D33CEC48734E3BD254640457 = {
						TestTargetID = 33B6F7A61549B5D1419F7CC3;
					};
				};
			};
			buildConfigurationList = 86BF8F53D2F8E81E9B443A61 /* Build configuration list for PBXProject "Collectra" */;
			developmentRegion = en;
			hasScannedForEncodings = 0;
			knownRegions = (
				Base,
				en,
			);
			mainGroup = B476044D0698B5D99C8BE6E4;
			minimizedProjectReferenceProxies = 1;
			packageReferences = (
				7834866430764695F9240A79 /* XCRemoteSwiftPackageReference "supabase-swift" */,
			);
			preferredProjectObjectVersion = 77;
			productRefGroup = D46772EA0DAFF0A597E883B6 /* Products */;
			projectDirPath = "";
			projectRoot = "";
			targets = (
				33B6F7A61549B5D1419F7CC3 /* Collectra */,
				13CB22643A10E67A7A6CCFE8 /* CollectraTests */,
				D33CEC48734E3BD254640457 /* CollectraUITests */,
			);
		};
/* End PBXProject section */

/* Begin PBXResourcesBuildPhase section */
		C922F45D80DD8DF51B4E3019 /* Resources */ = {
			isa = PBXResourcesBuildPhase;
			buildActionMask = 2147483647;
			files = (
				4ACD1CDD30E6A26ACD7FD35C /* Assets.xcassets in Resources */,
			);
			runOnlyForDeploymentPostprocessing = 0;
		};
/* End PBXResourcesBuildPhase section */

/* Begin PBXSourcesBuildPhase section */
		9860D225D120FB47BED01001 /* Sources */ = {
			isa = PBXSourcesBuildPhase;
			buildActionMask = 2147483647;
			files = (
				4F34EEEF7E038B58680E7722 /* CollectraUITests.swift in Sources */,
				7C3BA2DC3ECFDBB220714A9C /* Phase5CollectionUITests.swift in Sources */,
				14764C2B96AE18A07787C784 /* ScanUITests.swift in Sources */,
			);
			runOnlyForDeploymentPostprocessing = 0;
		};
		B0E817220B7B06C98AF15F4D /* Sources */ = {
			isa = PBXSourcesBuildPhase;
			buildActionMask = 2147483647;
			files = (
				C135569C46FC17789A7834CC /* APIErrorTests.swift in Sources */,
				244DF1C7217B80925074A28D /* CardDetailDecodingTests.swift in Sources */,
				52700AA91CD8E8A5E3E90BA0 /* CardDetailViewModelTests.swift in Sources */,
				D9054FDA1491AC363F1B4BFD /* CardSummaryDecodingTests.swift in Sources */,
				B0EEAD02F3DF680E5BFF2139 /* CatalogViewModelTests.swift in Sources */,
				6B91E1CDA9A0A30B6495B84B /* FakeCameraAuthorizer.swift in Sources */,
				36B728992148B5FF5C3D6A7B /* FakeCameraService.swift in Sources */,
				468A4F5FF622906DC87A8B47 /* FakeCatalogService.swift in Sources */,
				0426FE8B4E1B52257B14B4AD /* FakeCollectionService.swift in Sources */,
				8F2F0102185FB7CF685059F0 /* FakeHomeService.swift in Sources */,
				27641DAB6D46C8A00484DD63 /* FakeScanService.swift in Sources */,
				19B62094B6DF07DA80F6EF15 /* FakeSetsService.swift in Sources */,
				54A0006FDD1E7450B0A78E82 /* HomeViewModelTests.swift in Sources */,
				6E2ABAA13BA325DD6E78F2BF /* JSONFixtures.swift in Sources */,
				4E015032EAAFCE8E8ABA4CFE /* PriceHistoryDecodingTests.swift in Sources */,
				F80F1B353A76AAC988485CA0 /* ScanImagePreparationTests.swift in Sources */,
				A410DB1F955E387DEE80773C /* ScanModelsDecodingTests.swift in Sources */,
				88B1B8EC1FC194A901C1D640 /* ScanViewModelTests.swift in Sources */,
				B7A2DA33E5E769F3F08E8725 /* SetsViewModelTests.swift in Sources */,
				D704409772308281E34C0AAB /* ShelfViewModelTests.swift in Sources */,
				610540DBB181C8AD396AF624 /* VaultViewModelTests.swift in Sources */,
				B8DCF84156307741410F4089 /* WishlistViewModelTests.swift in Sources */,
				6AC653E7F164D23789AE1E18 /* WithTimeoutTests.swift in Sources */,
			);
			runOnlyForDeploymentPostprocessing = 0;
		};
		DEC5E4B311C9F2BD49AD522F /* Sources */ = {
			isa = PBXSourcesBuildPhase;
			buildActionMask = 2147483647;
			files = (
				12BAFCC5F0D3502977062B99 /* APIClient.swift in Sources */,
				DCF1CC0911A90DC9467CD642 /* APIError.swift in Sources */,
				85CCC5F6A27C28B8BDF56B56 /* AppConfig.swift in Sources */,
				12D6115446FB02D4559FF73D /* CachedAsyncImage.swift in Sources */,
				A641808562869F4FB299A513 /* CameraAuthorizing.swift in Sources */,
				0E30F26B334682DD010498AC /* CameraPreviewView.swift in Sources */,
				BF47E2352958ED2083727FE7 /* CameraService.swift in Sources */,
				98B9694DDB95EE2B066AC553 /* CardCell.swift in Sources */,
				3577CBCD5471ABCDE5F38D1A /* CardDetail.swift in Sources */,
				06E49EF5E3F7C434CE0E8B61 /* CardDetailService.swift in Sources */,
				28CFB7AFCCAD514566CF6E50 /* CardDetailView.swift in Sources */,
				5F4C37890F6B0F92C6069531 /* CardDetailViewModel.swift in Sources */,
				90E665128C92F9596605761B /* CardImageTile.swift in Sources */,
				3C0FBD6773D6D323B748ECDC /* CardNavigationTarget.swift in Sources */,
				A53B1F9205BEE70BC3F96607 /* CardSummary.swift in Sources */,
				D31BA0A76990A301BAA348BF /* CardsGridContent.swift in Sources */,
				53EB63929EC8247D8A442B02 /* CatalogService.swift in Sources */,
				27BAF7D1494B341D5CD9C765 /* CatalogView.swift in Sources */,
				A388EF8202E2504A0A10412C /* CatalogViewModel.swift in Sources */,
				070F2504927D46A1BE6D41CD /* CollectionControlsView.swift in Sources */,
				6AE16B50ADE84F162E154C2B /* CollectionLoadState.swift in Sources */,
				4AED8BA3E8FA8B1845A04F87 /* CollectionMutations.swift in Sources */,
				F4225B6E04A6A1E45A844B9D /* CollectionService.swift in Sources */,
				C4934C797737A866FA51C88D /* CollectionStateView.swift in Sources */,
				7F344BC7C9FE968179E3229E /* CollectionSyncCenter.swift in Sources */,
				25127E60F5889DDDE6B3CF5B /* CollectraApp.swift in Sources */,
				0B5F7D0235F0B2560E5BD3AA /* CollectraTextField.swift in Sources */,
				EE0B6BB349D387BBF6F7DBD7 /* DashboardSummary.swift in Sources */,
				0C6198169A5D4134D49832FB /* GradedPriceHistory.swift in Sources */,
				C8BA8FF5000A26B42532F485 /* HomeService.swift in Sources */,
				72CF2E5F87AD4FD64E4EF558 /* HomeView.swift in Sources */,
				13D7576C7044BCF8E5A31758 /* HomeViewModel.swift in Sources */,
				B95B326FC7F91D27534559E2 /* MainTabView.swift in Sources */,
				9F7F77D8753E9B016011975A /* Me.swift in Sources */,
				E4F18FD79F808CDA5661A1C9 /* MediaImage.swift in Sources */,
				C2ED1B2506CBFBE078918671 /* OnboardingView.swift in Sources */,
				EFD826BD37A0077383C1B812 /* PaginationMeta.swift in Sources */,
				807C9548A9A29F6EF0650404 /* PriceDisplay.swift in Sources */,
				45F3B38A1A1734BF5794D88F /* PriceHistory.swift in Sources */,
				FB89B828B1D38B45A749D4E5 /* PriceHistoryChartView.swift in Sources */,
				530C06232E1C7343E41E0ACB /* PriceTagView.swift in Sources */,
				DDE461CAF0B0ABB46BB88CDD /* ProfileView.swift in Sources */,
				2D9B1B2523F6BA5B9FD162E1 /* RootView.swift in Sources */,
				7CD1A94DE2EC94868271F6B6 /* ScanImagePreparation.swift in Sources */,
				31686C9BDFE03F0DFB499237 /* ScanModels.swift in Sources */,
				5752AED13A2F51F26ED97B46 /* ScanService.swift in Sources */,
				0EFA25BBFE310CB5DE32955B /* ScanState.swift in Sources */,
				0E6499F2493E754236918D70 /* ScanView.swift in Sources */,
				4C61A3E72FD5387B3AE174CD /* ScanViewModel.swift in Sources */,
				9E68D47DA663EBB358997DD5 /* SessionManager.swift in Sources */,
				F1A46766B239E2D45DC3CAEC /* SetCell.swift in Sources */,
				8A821649BC208E9A5FE28C33 /* SetDetail.swift in Sources */,
				81FC60240499B1212DA8C8E5 /* SetDetailView.swift in Sources */,
				6CE24AFEE9329C3D418B0191 /* SetDetailViewModel.swift in Sources */,
				5D267AFFF791CA76100648E1 /* SetSummary.swift in Sources */,
				22BE8574E2DE6281B70F62FA /* SetsGridContent.swift in Sources */,
				CF296E785EB456396A3418AD /* SetsService.swift in Sources */,
				5D939EBFCDA8E89710BF14E7 /* SetsViewModel.swift in Sources */,
				7F622C5780EE59781299E792 /* ShelfCell.swift in Sources */,
				B634F3D52F3028AB036E883B /* ShelfContentView.swift in Sources */,
				36DC12D7434053461C3F923A /* ShelfItem.swift in Sources */,
				6C3A7B45F7C323C1B5CD0967 /* ShelfView.swift in Sources */,
				6AF6E158323FBF2D233953E6 /* ShelfViewModel.swift in Sources */,
				E9454ABA409D839E33A402CF /* SignInView.swift in Sources */,
				C487F5BD4B0D574C33F4C6FC /* SignUpView.swift in Sources */,
				461F1FBF745CE778A3F7BD47 /* SupabaseClientProvider.swift in Sources */,
				CC682029723335974AEC9514 /* TabRouter.swift in Sources */,
				8F6DF5A36F4423B735E85472 /* Theme.swift in Sources */,
				41800AF5DADC088FE8A89B82 /* ThemeManager.swift in Sources */,
				05ABC003D343BD03F8A7CAE6 /* ThemePalette.swift in Sources */,
				3ABBA3787903D1BC6429B842 /* VariantPicker.swift in Sources */,
				266EA5A4874A518F7F5F4D1B /* VaultCell.swift in Sources */,
				7560DD8C20B445E9F6290159 /* VaultItem.swift in Sources */,
				AF7E664D9557D3AF6D611A4C /* VaultView.swift in Sources */,
				221A560C09BC5D8E667C10C1 /* VaultViewModel.swift in Sources */,
				3CB57A96B61EB1D04F995F04 /* WishlistCell.swift in Sources */,
				A3A52D62FA1CD82831CA8162 /* WishlistItem.swift in Sources */,
				3E19DEC84C70A75EC4C36926 /* WishlistView.swift in Sources */,
				63A1D25BC2931A147177B4D8 /* WishlistViewModel.swift in Sources */,
				43649581707D0B1D1DD90B28 /* withTimeout.swift in Sources */,
			);
			runOnlyForDeploymentPostprocessing = 0;
		};
/* End PBXSourcesBuildPhase section */

/* Begin PBXTargetDependency section */
		6C5C3229E8DDE213DE6EBF78 /* PBXTargetDependency */ = {
			isa = PBXTargetDependency;
			target = 33B6F7A61549B5D1419F7CC3 /* Collectra */;
			targetProxy = 5EA7B5234563E98B0F0A3355 /* PBXContainerItemProxy */;
		};
		979DCFD8B4B7AAC8CDE66EA8 /* PBXTargetDependency */ = {
			isa = PBXTargetDependency;
			target = 33B6F7A61549B5D1419F7CC3 /* Collectra */;
			targetProxy = 74E02CE8D719F27E93EE37C9 /* PBXContainerItemProxy */;
		};
/* End PBXTargetDependency section */

/* Begin XCBuildConfiguration section */
		10D29CB09C93A7152F9F3C92 /* Release */ = {
			isa = XCBuildConfiguration;
			baseConfigurationReference = 5BF2E193E9B1AB13E3933B01 /* Release.xcconfig */;
			buildSettings = {
				ALWAYS_SEARCH_USER_PATHS = NO;
				CLANG_ANALYZER_NONNULL = YES;
				CLANG_ANALYZER_NUMBER_OBJECT_CONVERSION = YES_AGGRESSIVE;
				CLANG_CXX_LANGUAGE_STANDARD = "gnu++14";
				CLANG_CXX_LIBRARY = "libc++";
				CLANG_ENABLE_MODULES = YES;
				CLANG_ENABLE_OBJC_ARC = YES;
				CLANG_ENABLE_OBJC_WEAK = YES;
				CLANG_WARN_BLOCK_CAPTURE_AUTORELEASING = YES;
				CLANG_WARN_BOOL_CONVERSION = YES;
				CLANG_WARN_COMMA = YES;
				CLANG_WARN_CONSTANT_CONVERSION = YES;
				CLANG_WARN_DEPRECATED_OBJC_IMPLEMENTATIONS = YES;
				CLANG_WARN_DIRECT_OBJC_ISA_USAGE = YES_ERROR;
				CLANG_WARN_DOCUMENTATION_COMMENTS = YES;
				CLANG_WARN_EMPTY_BODY = YES;
				CLANG_WARN_ENUM_CONVERSION = YES;
				CLANG_WARN_INFINITE_RECURSION = YES;
				CLANG_WARN_INT_CONVERSION = YES;
				CLANG_WARN_NON_LITERAL_NULL_CONVERSION = YES;
				CLANG_WARN_OBJC_IMPLICIT_RETAIN_SELF = YES;
				CLANG_WARN_OBJC_LITERAL_CONVERSION = YES;
				CLANG_WARN_OBJC_ROOT_CLASS = YES_ERROR;
				CLANG_WARN_QUOTED_INCLUDE_IN_FRAMEWORK_HEADER = YES;
				CLANG_WARN_RANGE_LOOP_ANALYSIS = YES;
				CLANG_WARN_STRICT_PROTOTYPES = YES;
				CLANG_WARN_SUSPICIOUS_MOVE = YES;
				CLANG_WARN_UNGUARDED_AVAILABILITY = YES_AGGRESSIVE;
				CLANG_WARN_UNREACHABLE_CODE = YES;
				CLANG_WARN__DUPLICATE_METHOD_MATCH = YES;
				COPY_PHASE_STRIP = NO;
				DEBUG_INFORMATION_FORMAT = "dwarf-with-dsym";
				ENABLE_NS_ASSERTIONS = NO;
				ENABLE_STRICT_OBJC_MSGSEND = YES;
				GCC_C_LANGUAGE_STANDARD = gnu11;
				GCC_NO_COMMON_BLOCKS = YES;
				GCC_WARN_64_TO_32_BIT_CONVERSION = YES;
				GCC_WARN_ABOUT_RETURN_TYPE = YES_ERROR;
				GCC_WARN_UNDECLARED_SELECTOR = YES;
				GCC_WARN_UNINITIALIZED_AUTOS = YES_AGGRESSIVE;
				GCC_WARN_UNUSED_FUNCTION = YES;
				GCC_WARN_UNUSED_VARIABLE = YES;
				IPHONEOS_DEPLOYMENT_TARGET = 17.0;
				MTL_ENABLE_DEBUG_INFO = NO;
				MTL_FAST_MATH = YES;
				PRODUCT_NAME = "$(TARGET_NAME)";
				SDKROOT = iphoneos;
				SWIFT_COMPILATION_MODE = wholemodule;
				SWIFT_OPTIMIZATION_LEVEL = "-O";
				SWIFT_VERSION = 5.0;
			};
			name = Release;
		};
		215B815722FB9257E6ED6F84 /* Release */ = {
			isa = XCBuildConfiguration;
			buildSettings = {
				BUNDLE_LOADER = "$(TEST_HOST)";
				GENERATE_INFOPLIST_FILE = YES;
				IPHONEOS_DEPLOYMENT_TARGET = 17.0;
				LD_RUNPATH_SEARCH_PATHS = (
					"$(inherited)",
					"@executable_path/Frameworks",
					"@loader_path/Frameworks",
				);
				PRODUCT_BUNDLE_IDENTIFIER = com.collectra.app.uitests;
				SDKROOT = iphoneos;
				SWIFT_VERSION = 6.0;
				TARGETED_DEVICE_FAMILY = "1,2";
				TEST_TARGET_NAME = Collectra;
			};
			name = Release;
		};
		36E39096C090577939F862A0 /* Debug */ = {
			isa = XCBuildConfiguration;
			buildSettings = {
				ASSETCATALOG_COMPILER_APPICON_NAME = AppIcon;
				ASSETCATALOG_COMPILER_GLOBAL_ACCENT_COLOR_NAME = AccentColor;
				CODE_SIGN_IDENTITY = "iPhone Developer";
				DEVELOPMENT_ASSET_PATHS = "";
				ENABLE_PREVIEWS = YES;
				INFOPLIST_FILE = Collectra/Resources/Info.plist;
				IPHONEOS_DEPLOYMENT_TARGET = 17.0;
				LD_RUNPATH_SEARCH_PATHS = (
					"$(inherited)",
					"@executable_path/Frameworks",
				);
				PRODUCT_BUNDLE_IDENTIFIER = com.collectra.app;
				SDKROOT = iphoneos;
				SWIFT_STRICT_CONCURRENCY = complete;
				SWIFT_VERSION = 6.0;
				TARGETED_DEVICE_FAMILY = 1;
			};
			name = Debug;
		};
		3968BF7EAA16B267064ACA5B /* Debug */ = {
			isa = XCBuildConfiguration;
			baseConfigurationReference = 9BC64770D8A2A6D94BDF95BF /* Debug.xcconfig */;
			buildSettings = {
				ALWAYS_SEARCH_USER_PATHS = NO;
				CLANG_ANALYZER_NONNULL = YES;
				CLANG_ANALYZER_NUMBER_OBJECT_CONVERSION = YES_AGGRESSIVE;
				CLANG_CXX_LANGUAGE_STANDARD = "gnu++14";
				CLANG_CXX_LIBRARY = "libc++";
				CLANG_ENABLE_MODULES = YES;
				CLANG_ENABLE_OBJC_ARC = YES;
				CLANG_ENABLE_OBJC_WEAK = YES;
				CLANG_WARN_BLOCK_CAPTURE_AUTORELEASING = YES;
				CLANG_WARN_BOOL_CONVERSION = YES;
				CLANG_WARN_COMMA = YES;
				CLANG_WARN_CONSTANT_CONVERSION = YES;
				CLANG_WARN_DEPRECATED_OBJC_IMPLEMENTATIONS = YES;
				CLANG_WARN_DIRECT_OBJC_ISA_USAGE = YES_ERROR;
				CLANG_WARN_DOCUMENTATION_COMMENTS = YES;
				CLANG_WARN_EMPTY_BODY = YES;
				CLANG_WARN_ENUM_CONVERSION = YES;
				CLANG_WARN_INFINITE_RECURSION = YES;
				CLANG_WARN_INT_CONVERSION = YES;
				CLANG_WARN_NON_LITERAL_NULL_CONVERSION = YES;
				CLANG_WARN_OBJC_IMPLICIT_RETAIN_SELF = YES;
				CLANG_WARN_OBJC_LITERAL_CONVERSION = YES;
				CLANG_WARN_OBJC_ROOT_CLASS = YES_ERROR;
				CLANG_WARN_QUOTED_INCLUDE_IN_FRAMEWORK_HEADER = YES;
				CLANG_WARN_RANGE_LOOP_ANALYSIS = YES;
				CLANG_WARN_STRICT_PROTOTYPES = YES;
				CLANG_WARN_SUSPICIOUS_MOVE = YES;
				CLANG_WARN_UNGUARDED_AVAILABILITY = YES_AGGRESSIVE;
				CLANG_WARN_UNREACHABLE_CODE = YES;
				CLANG_WARN__DUPLICATE_METHOD_MATCH = YES;
				COPY_PHASE_STRIP = NO;
				DEBUG_INFORMATION_FORMAT = dwarf;
				ENABLE_STRICT_OBJC_MSGSEND = YES;
				ENABLE_TESTABILITY = YES;
				GCC_C_LANGUAGE_STANDARD = gnu11;
				GCC_DYNAMIC_NO_PIC = NO;
				GCC_NO_COMMON_BLOCKS = YES;
				GCC_OPTIMIZATION_LEVEL = 0;
				GCC_PREPROCESSOR_DEFINITIONS = (
					"$(inherited)",
					"DEBUG=1",
				);
				GCC_WARN_64_TO_32_BIT_CONVERSION = YES;
				GCC_WARN_ABOUT_RETURN_TYPE = YES_ERROR;
				GCC_WARN_UNDECLARED_SELECTOR = YES;
				GCC_WARN_UNINITIALIZED_AUTOS = YES_AGGRESSIVE;
				GCC_WARN_UNUSED_FUNCTION = YES;
				GCC_WARN_UNUSED_VARIABLE = YES;
				IPHONEOS_DEPLOYMENT_TARGET = 17.0;
				MTL_ENABLE_DEBUG_INFO = INCLUDE_SOURCE;
				MTL_FAST_MATH = YES;
				ONLY_ACTIVE_ARCH = YES;
				PRODUCT_NAME = "$(TARGET_NAME)";
				SDKROOT = iphoneos;
				SWIFT_ACTIVE_COMPILATION_CONDITIONS = DEBUG;
				SWIFT_OPTIMIZATION_LEVEL = "-Onone";
				SWIFT_VERSION = 5.0;
			};
			name = Debug;
		};
		90A09DED1DBE94D17BBDDF30 /* Debug */ = {
			isa = XCBuildConfiguration;
			buildSettings = {
				BUNDLE_LOADER = "$(TEST_HOST)";
				GENERATE_INFOPLIST_FILE = YES;
				IPHONEOS_DEPLOYMENT_TARGET = 17.0;
				LD_RUNPATH_SEARCH_PATHS = (
					"$(inherited)",
					"@executable_path/Frameworks",
					"@loader_path/Frameworks",
				);
				PRODUCT_BUNDLE_IDENTIFIER = com.collectra.app.uitests;
				SDKROOT = iphoneos;
				SWIFT_VERSION = 6.0;
				TARGETED_DEVICE_FAMILY = "1,2";
				TEST_TARGET_NAME = Collectra;
			};
			name = Debug;
		};
		974BB2F117966D2923C69253 /* Release */ = {
			isa = XCBuildConfiguration;
			buildSettings = {
				BUNDLE_LOADER = "$(TEST_HOST)";
				GENERATE_INFOPLIST_FILE = YES;
				IPHONEOS_DEPLOYMENT_TARGET = 17.0;
				LD_RUNPATH_SEARCH_PATHS = (
					"$(inherited)",
					"@executable_path/Frameworks",
					"@loader_path/Frameworks",
				);
				PRODUCT_BUNDLE_IDENTIFIER = com.collectra.app.tests;
				SDKROOT = iphoneos;
				SWIFT_VERSION = 6.0;
				TARGETED_DEVICE_FAMILY = "1,2";
				TEST_HOST = "$(BUILT_PRODUCTS_DIR)/Collectra.app/Collectra";
				TEST_TARGET_NAME = Collectra;
			};
			name = Release;
		};
		9A289C93FFDF4453538C8CCB /* Release */ = {
			isa = XCBuildConfiguration;
			buildSettings = {
				ASSETCATALOG_COMPILER_APPICON_NAME = AppIcon;
				ASSETCATALOG_COMPILER_GLOBAL_ACCENT_COLOR_NAME = AccentColor;
				CODE_SIGN_IDENTITY = "iPhone Developer";
				DEVELOPMENT_ASSET_PATHS = "";
				ENABLE_PREVIEWS = YES;
				INFOPLIST_FILE = Collectra/Resources/Info.plist;
				IPHONEOS_DEPLOYMENT_TARGET = 17.0;
				LD_RUNPATH_SEARCH_PATHS = (
					"$(inherited)",
					"@executable_path/Frameworks",
				);
				PRODUCT_BUNDLE_IDENTIFIER = com.collectra.app;
				SDKROOT = iphoneos;
				SWIFT_STRICT_CONCURRENCY = complete;
				SWIFT_VERSION = 6.0;
				TARGETED_DEVICE_FAMILY = 1;
			};
			name = Release;
		};
		B67A61CA6820AB9CF206BD5A /* Debug */ = {
			isa = XCBuildConfiguration;
			buildSettings = {
				BUNDLE_LOADER = "$(TEST_HOST)";
				GENERATE_INFOPLIST_FILE = YES;
				IPHONEOS_DEPLOYMENT_TARGET = 17.0;
				LD_RUNPATH_SEARCH_PATHS = (
					"$(inherited)",
					"@executable_path/Frameworks",
					"@loader_path/Frameworks",
				);
				PRODUCT_BUNDLE_IDENTIFIER = com.collectra.app.tests;
				SDKROOT = iphoneos;
				SWIFT_VERSION = 6.0;
				TARGETED_DEVICE_FAMILY = "1,2";
				TEST_HOST = "$(BUILT_PRODUCTS_DIR)/Collectra.app/Collectra";
				TEST_TARGET_NAME = Collectra;
			};
			name = Debug;
		};
/* End XCBuildConfiguration section */

/* Begin XCConfigurationList section */
		635F3FDE48D51D6A6FA5B58E /* Build configuration list for PBXNativeTarget "CollectraUITests" */ = {
			isa = XCConfigurationList;
			buildConfigurations = (
				90A09DED1DBE94D17BBDDF30 /* Debug */,
				215B815722FB9257E6ED6F84 /* Release */,
			);
			defaultConfigurationIsVisible = 0;
			defaultConfigurationName = Debug;
		};
		86BF8F53D2F8E81E9B443A61 /* Build configuration list for PBXProject "Collectra" */ = {
			isa = XCConfigurationList;
			buildConfigurations = (
				3968BF7EAA16B267064ACA5B /* Debug */,
				10D29CB09C93A7152F9F3C92 /* Release */,
			);
			defaultConfigurationIsVisible = 0;
			defaultConfigurationName = Debug;
		};
		93E57B8C13E3A78E51AE1036 /* Build configuration list for PBXNativeTarget "Collectra" */ = {
			isa = XCConfigurationList;
			buildConfigurations = (
				36E39096C090577939F862A0 /* Debug */,
				9A289C93FFDF4453538C8CCB /* Release */,
			);
			defaultConfigurationIsVisible = 0;
			defaultConfigurationName = Debug;
		};
		D789153D1099EEB3E56902C3 /* Build configuration list for PBXNativeTarget "CollectraTests" */ = {
			isa = XCConfigurationList;
			buildConfigurations = (
				B67A61CA6820AB9CF206BD5A /* Debug */,
				974BB2F117966D2923C69253 /* Release */,
			);
			defaultConfigurationIsVisible = 0;
			defaultConfigurationName = Debug;
		};
/* End XCConfigurationList section */

/* Begin XCRemoteSwiftPackageReference section */
		7834866430764695F9240A79 /* XCRemoteSwiftPackageReference "supabase-swift" */ = {
			isa = XCRemoteSwiftPackageReference;
			repositoryURL = "https://github.com/supabase/supabase-swift";
			requirement = {
				kind = upToNextMajorVersion;
				minimumVersion = 2.0.0;
			};
		};
/* End XCRemoteSwiftPackageReference section */

/* Begin XCSwiftPackageProductDependency section */
		F05F7ECCE5636020C07B8EB2 /* Supabase */ = {
			isa = XCSwiftPackageProductDependency;
			package = 7834866430764695F9240A79 /* XCRemoteSwiftPackageReference "supabase-swift" */;
			productName = Supabase;
		};
/* End XCSwiftPackageProductDependency section */
	};
	rootObject = 95D919A1AE5266BBECF1B85F /* Project object */;
}
